// !$*UTF8*$!
{
	archiveVersion = 1;
	classes = {
	};
	objectVersion = 50;
	objects = {

/* Begin PBXBuildFile section */
		1E90E1708B74A68637F3F47C /* NSLayoutConstraint+Extensions.swift in Sources */ = {isa = PBXBuildFile; fileRef = 1E90EFBB27CC31246EE8AC82 /* NSLayoutConstraint+Extensions.swift */; };
		1E90E19063B611B041C4C20C /* ReadingCell.swift in Sources */ = {isa = PBXBuildFile; fileRef = 1E90EE4A06AF92D296C6A288 /* ReadingCell.swift */; };
		1E90E337083E32ED4028B70C /* RootCoordinator.swift in Sources */ = {isa = PBXBuildFile; fileRef = 1E90E480D725258213EEEA03 /* RootCoordinator.swift */; };
		1E90E42C4FD6010F29BA5403 /* ReadingListModel.swift in Sources */ = {isa = PBXBuildFile; fileRef = 1E90E6AD99F54E51D580AEA0 /* ReadingListModel.swift */; };
		1E90E4680AB20FF207AD4A5C /* Pocket.swift in Sources */ = {isa = PBXBuildFile; fileRef = 1E90EF1034BEAF105E8DA0A4 /* Pocket.swift */; };
		1E90E489953BEC3684377A1B /* PocketService.swift in Sources */ = {isa = PBXBuildFile; fileRef = 1E90E4D3A972B62CDE9CD82B /* PocketService.swift */; };
		1E90EAE20AB3C94F8517FE3A /* Coordinator.swift in Sources */ = {isa = PBXBuildFile; fileRef = 1E90E671C9CE910F231AF810 /* Coordinator.swift */; };
		1E90EC4BC60946097FECF89D /* AppState.swift in Sources */ = {isa = PBXBuildFile; fileRef = 1E90EF2839851A9A3A18A467 /* AppState.swift */; };
		1E90ED4673A756EEB9D7ECF3 /* Reading.swift in Sources */ = {isa = PBXBuildFile; fileRef = 1E90E1DAE9F10AA9D7B5C92B /* Reading.swift */; };
		1E90EF482DE5323A00B867EB /* UIView+Constraints.swift in Sources */ = {isa = PBXBuildFile; fileRef = 1E90E4EF8F9283E07A71EC18 /* UIView+Constraints.swift */; };
		1E90EF650E2F226859E9DDC8 /* ReadingListViewModel.swift in Sources */ = {isa = PBXBuildFile; fileRef = 1E90E02D93343B1DE08BFE04 /* ReadingListViewModel.swift */; };
		2768D6A9212BAC9C000CACCC /* AppDelegate.swift in Sources */ = {isa = PBXBuildFile; fileRef = 2768D6A8212BAC9C000CACCC /* AppDelegate.swift */; };
		2768D6AB212BAC9C000CACCC /* ReadingListViewController.swift in Sources */ = {isa = PBXBuildFile; fileRef = 2768D6AA212BAC9C000CACCC /* ReadingListViewController.swift */; };
		2768D6AE212BAC9C000CACCC /* Main.storyboard in Resources */ = {isa = PBXBuildFile; fileRef = 2768D6AC212BAC9C000CACCC /* Main.storyboard */; };
		2768D6B0212BAC9D000CACCC /* Assets.xcassets in Resources */ = {isa = PBXBuildFile; fileRef = 2768D6AF212BAC9D000CACCC /* Assets.xcassets */; };
		2768D6B3212BAC9D000CACCC /* LaunchScreen.storyboard in Resources */ = {isa = PBXBuildFile; fileRef = 2768D6B1212BAC9D000CACCC /* LaunchScreen.storyboard */; };
		2768D6BE212BAC9E000CACCC /* ReadItTests.swift in Sources */ = {isa = PBXBuildFile; fileRef = 2768D6BD212BAC9E000CACCC /* ReadItTests.swift */; };
		D5AC15A75E7F196F3EDC1A97 /* Pods_ReadIt.framework in Frameworks */ = {isa = PBXBuildFile; fileRef = 56A9A9143D52230A08A9CC32 /* Pods_ReadIt.framework */; };
		E6755158BF1C6F4D8EE03136 /* Pods_ReadItTests.framework in Frameworks */ = {isa = PBXBuildFile; fileRef = 3D67064E17CBA0E69AA5C117 /* Pods_ReadItTests.framework */; };
/* End PBXBuildFile section */

/* Begin PBXContainerItemProxy section */
		2768D6BA212BAC9E000CACCC /* PBXContainerItemProxy */ = {
			isa = PBXContainerItemProxy;
			containerPortal = 2768D69D212BAC9C000CACCC /* Project object */;
			proxyType = 1;
			remoteGlobalIDString = 2768D6A4212BAC9C000CACCC;
			remoteInfo = ReadIt;
		};
/* End PBXContainerItemProxy section */

/* Begin PBXFileReference section */
		1DA8FD84B063256AF390080D /* Pods-ReadItTests.debug.xcconfig */ = {isa = PBXFileReference; includeInIndex = 1; lastKnownFileType = text.xcconfig; name = "Pods-ReadItTests.debug.xcconfig"; path = "Pods/Target Support Files/Pods-ReadItTests/Pods-ReadItTests.debug.xcconfig"; sourceTree = "<group>"; };
		1E90E02D93343B1DE08BFE04 /* ReadingListViewModel.swift */ = {isa = PBXFileReference; fileEncoding = 4; lastKnownFileType = sourcecode.swift; path = ReadingListViewModel.swift; sourceTree = "<group>"; };
		1E90E1DAE9F10AA9D7B5C92B /* Reading.swift */ = {isa = PBXFileReference; fileEncoding = 4; lastKnownFileType = sourcecode.swift; path = Reading.swift; sourceTree = "<group>"; };
		1E90E480D725258213EEEA03 /* RootCoordinator.swift */ = {isa = PBXFileReference; fileEncoding = 4; lastKnownFileType = sourcecode.swift; path = RootCoordinator.swift; sourceTree = "<group>"; };
		1E90E4D3A972B62CDE9CD82B /* PocketService.swift */ = {isa = PBXFileReference; fileEncoding = 4; lastKnownFileType = sourcecode.swift; path = PocketService.swift; sourceTree = "<group>"; };
		1E90E4EF8F9283E07A71EC18 /* UIView+Constraints.swift */ = {isa = PBXFileReference; fileEncoding = 4; lastKnownFileType = sourcecode.swift; path = "UIView+Constraints.swift"; sourceTree = "<group>"; };
		1E90E671C9CE910F231AF810 /* Coordinator.swift */ = {isa = PBXFileReference; fileEncoding = 4; lastKnownFileType = sourcecode.swift; path = Coordinator.swift; sourceTree = "<group>"; };
		1E90E6AD99F54E51D580AEA0 /* ReadingListModel.swift */ = {isa = PBXFileReference; fileEncoding = 4; lastKnownFileType = sourcecode.swift; path = ReadingListModel.swift; sourceTree = "<group>"; };
		1E90EE4A06AF92D296C6A288 /* ReadingCell.swift */ = {isa = PBXFileReference; fileEncoding = 4; lastKnownFileType = sourcecode.swift; path = ReadingCell.swift; sourceTree = "<group>"; };
		1E90EF1034BEAF105E8DA0A4 /* Pocket.swift */ = {isa = PBXFileReference; fileEncoding = 4; lastKnownFileType = sourcecode.swift; path = Pocket.swift; sourceTree = "<group>"; };
		1E90EF2839851A9A3A18A467 /* AppState.swift */ = {isa = PBXFileReference; fileEncoding = 4; lastKnownFileType = sourcecode.swift; path = AppState.swift; sourceTree = "<group>"; };
		1E90EFBB27CC31246EE8AC82 /* NSLayoutConstraint+Extensions.swift */ = {isa = PBXFileReference; fileEncoding = 4; lastKnownFileType = sourcecode.swift; path = "NSLayoutConstraint+Extensions.swift"; sourceTree = "<group>"; };
		2768D6A5212BAC9C000CACCC /* ReadIt.app */ = {isa = PBXFileReference; explicitFileType = wrapper.application; includeInIndex = 0; path = ReadIt.app; sourceTree = BUILT_PRODUCTS_DIR; };
		2768D6A8212BAC9C000CACCC /* AppDelegate.swift */ = {isa = PBXFileReference; lastKnownFileType = sourcecode.swift; path = AppDelegate.swift; sourceTree = "<group>"; };
		2768D6AA212BAC9C000CACCC /* ReadingListViewController.swift */ = {isa = PBXFileReference; lastKnownFileType = sourcecode.swift; path = ReadingListViewController.swift; sourceTree = "<group>"; };
		2768D6AD212BAC9C000CACCC /* Base */ = {isa = PBXFileReference; lastKnownFileType = file.storyboard; name = Base; path = Base.lproj/Main.storyboard; sourceTree = "<group>"; };
		2768D6AF212BAC9D000CACCC /* Assets.xcassets */ = {isa = PBXFileReference; lastKnownFileType = folder.assetcatalog; path = Assets.xcassets; sourceTree = "<group>"; };
		2768D6B2212BAC9D000CACCC /* Base */ = {isa = PBXFileReference; lastKnownFileType = file.storyboard; name = Base; path = Base.lproj/LaunchScreen.storyboard; sourceTree = "<group>"; };
		2768D6B4212BAC9D000CACCC /* Info.plist */ = {isa = PBXFileReference; lastKnownFileType = text.plist.xml; path = Info.plist; sourceTree = "<group>"; };
		2768D6B9212BAC9E000CACCC /* ReadItTests.xctest */ = {isa = PBXFileReference; explicitFileType = wrapper.cfbundle; includeInIndex = 0; path = ReadItTests.xctest; sourceTree = BUILT_PRODUCTS_DIR; };
		2768D6BD212BAC9E000CACCC /* ReadItTests.swift */ = {isa = PBXFileReference; lastKnownFileType = sourcecode.swift; path = ReadItTests.swift; sourceTree = "<group>"; };
		2768D6BF212BAC9E000CACCC /* Info.plist */ = {isa = PBXFileReference; lastKnownFileType = text.plist.xml; path = Info.plist; sourceTree = "<group>"; };
		304097338FEDE853AFE7D89C /* Pods-ReadIt.debug.xcconfig */ = {isa = PBXFileReference; includeInIndex = 1; lastKnownFileType = text.xcconfig; name = "Pods-ReadIt.debug.xcconfig"; path = "Pods/Target Support Files/Pods-ReadIt/Pods-ReadIt.debug.xcconfig"; sourceTree = "<group>"; };
		3D67064E17CBA0E69AA5C117 /* Pods_ReadItTests.framework */ = {isa = PBXFileReference; explicitFileType = wrapper.framework; includeInIndex = 0; path = Pods_ReadItTests.framework; sourceTree = BUILT_PRODUCTS_DIR; };
		56A9A9143D52230A08A9CC32 /* Pods_ReadIt.framework */ = {isa = PBXFileReference; explicitFileType = wrapper.framework; includeInIndex = 0; path = Pods_ReadIt.framework; sourceTree = BUILT_PRODUCTS_DIR; };
		8829D45E1B31DD570E018874 /* Pods-ReadItTests.release.xcconfig */ = {isa = PBXFileReference; includeInIndex = 1; lastKnownFileType = text.xcconfig; name = "Pods-ReadItTests.release.xcconfig"; path = "Pods/Target Support Files/Pods-ReadItTests/Pods-ReadItTests.release.xcconfig"; sourceTree = "<group>"; };
		9453B0D6BF81DBCB08467DA4 /* Pods-ReadIt.release.xcconfig */ = {isa = PBXFileReference; includeInIndex = 1; lastKnownFileType = text.xcconfig; name = "Pods-ReadIt.release.xcconfig"; path = "Pods/Target Support Files/Pods-ReadIt/Pods-ReadIt.release.xcconfig"; sourceTree = "<group>"; };
/* End PBXFileReference section */

/* Begin PBXFrameworksBuildPhase section */
		2768D6A2212BAC9C000CACCC /* Frameworks */ = {
			isa = PBXFrameworksBuildPhase;
			buildActionMask = 2147483647;
			files = (
				D5AC15A75E7F196F3EDC1A97 /* Pods_ReadIt.framework in Frameworks */,
			);
			runOnlyForDeploymentPostprocessing = 0;
		};
		2768D6B6212BAC9E000CACCC /* Frameworks */ = {
			isa = PBXFrameworksBuildPhase;
			buildActionMask = 2147483647;
			files = (
				E6755158BF1C6F4D8EE03136 /* Pods_ReadItTests.framework in Frameworks */,
			);
			runOnlyForDeploymentPostprocessing = 0;
		};
/* End PBXFrameworksBuildPhase section */

/* Begin PBXGroup section */
		2768D69C212BAC9C000CACCC = {
			isa = PBXGroup;
			children = (
				2768D6A7212BAC9C000CACCC /* ReadIt */,
				2768D6BC212BAC9E000CACCC /* ReadItTests */,
				2768D6A6212BAC9C000CACCC /* Products */,
				BB0F6D4E0B3D8BD75C6185B4 /* Pods */,
				2D3DDF6ADE4C18C130762D71 /* Frameworks */,
			);
			sourceTree = "<group>";
		};
		2768D6A6212BAC9C000CACCC /* Products */ = {
			isa = PBXGroup;
			children = (
				2768D6A5212BAC9C000CACCC /* ReadIt.app */,
				2768D6B9212BAC9E000CACCC /* ReadItTests.xctest */,
			);
			name = Products;
			sourceTree = "<group>";
		};
		2768D6A7212BAC9C000CACCC /* ReadIt */ = {
			isa = PBXGroup;
			children = (
				2768D6A8212BAC9C000CACCC /* AppDelegate.swift */,
				2768D6AA212BAC9C000CACCC /* ReadingListViewController.swift */,
				2768D6AC212BAC9C000CACCC /* Main.storyboard */,
				2768D6AF212BAC9D000CACCC /* Assets.xcassets */,
				2768D6B1212BAC9D000CACCC /* LaunchScreen.storyboard */,
				2768D6B4212BAC9D000CACCC /* Info.plist */,
				1E90E480D725258213EEEA03 /* RootCoordinator.swift */,
				1E90E671C9CE910F231AF810 /* Coordinator.swift */,
				1E90E02D93343B1DE08BFE04 /* ReadingListViewModel.swift */,
				1E90E4EF8F9283E07A71EC18 /* UIView+Constraints.swift */,
				1E90EFBB27CC31246EE8AC82 /* NSLayoutConstraint+Extensions.swift */,
				1E90E1DAE9F10AA9D7B5C92B /* Reading.swift */,
				1E90EE4A06AF92D296C6A288 /* ReadingCell.swift */,
				1E90EF2839851A9A3A18A467 /* AppState.swift */,
				1E90E4D3A972B62CDE9CD82B /* PocketService.swift */,
				1E90EF1034BEAF105E8DA0A4 /* Pocket.swift */,
				1E90E6AD99F54E51D580AEA0 /* ReadingListModel.swift */,
			);
			path = ReadIt;
			sourceTree = "<group>";
		};
		2768D6BC212BAC9E000CACCC /* ReadItTests */ = {
			isa = PBXGroup;
			children = (
				2768D6BD212BAC9E000CACCC /* ReadItTests.swift */,
				2768D6BF212BAC9E000CACCC /* Info.plist */,
			);
			path = ReadItTests;
			sourceTree = "<group>";
		};
		2D3DDF6ADE4C18C130762D71 /* Frameworks */ = {
			isa = PBXGroup;
			children = (
				56A9A9143D52230A08A9CC32 /* Pods_ReadIt.framework */,
				3D67064E17CBA0E69AA5C117 /* Pods_ReadItTests.framework */,
			);
			name = Frameworks;
			sourceTree = "<group>";
		};
		BB0F6D4E0B3D8BD75C6185B4 /* Pods */ = {
			isa = PBXGroup;
			children = (
				304097338FEDE853AFE7D89C /* Pods-ReadIt.debug.xcconfig */,
				9453B0D6BF81DBCB08467DA4 /* Pods-ReadIt.release.xcconfig */,
				1DA8FD84B063256AF390080D /* Pods-ReadItTests.debug.xcconfig */,
				8829D45E1B31DD570E018874 /* Pods-ReadItTests.release.xcconfig */,
			);
			name = Pods;
			sourceTree = "<group>";
		};
/* End PBXGroup section */

/* Begin PBXNativeTarget section */
		2768D6A4212BAC9C000CACCC /* ReadIt */ = {
			isa = PBXNativeTarget;
			buildConfigurationList = 2768D6C2212BAC9E000CACCC /* Build configuration list for PBXNativeTarget "ReadIt" */;
			buildPhases = (
				FA6AE1D6C19080BF8FC7E6AD /* [CP] Check Pods Manifest.lock */,
				2768D6A1212BAC9C000CACCC /* Sources */,
				2768D6A2212BAC9C000CACCC /* Frameworks */,
				2768D6A3212BAC9C000CACCC /* Resources */,
				83485E826EC88A3AE9F6BC46 /* [CP] Embed Pods Frameworks */,
			);
			buildRules = (
			);
			dependencies = (
			);
			name = ReadIt;
			productName = ReadIt;
			productReference = 2768D6A5212BAC9C000CACCC /* ReadIt.app */;
			productType = "com.apple.product-type.application";
		};
		2768D6B8212BAC9E000CACCC /* ReadItTests */ = {
			isa = PBXNativeTarget;
			buildConfigurationList = 2768D6C5212BAC9E000CACCC /* Build configuration list for PBXNativeTarget "ReadItTests" */;
			buildPhases = (
				1F1840CD2A0CB775988E11D9 /* [CP] Check Pods Manifest.lock */,
				2768D6B5212BAC9E000CACCC /* Sources */,
				2768D6B6212BAC9E000CACCC /* Frameworks */,
				2768D6B7212BAC9E000CACCC /* Resources */,
			);
			buildRules = (
			);
			dependencies = (
				2768D6BB212BAC9E000CACCC /* PBXTargetDependency */,
			);
			name = ReadItTests;
			productName = ReadItTests;
			productReference = 2768D6B9212BAC9E000CACCC /* ReadItTests.xctest */;
			productType = "com.apple.product-type.bundle.unit-test";
		};
/* End PBXNativeTarget section */

/* Begin PBXProject section */
		2768D69D212BAC9C000CACCC /* Project object */ = {
			isa = PBXProject;
			attributes = {
				LastSwiftUpdateCheck = 0930;
				LastUpgradeCheck = 0930;
				ORGANIZATIONNAME = Copyisright;
				TargetAttributes = {
					2768D6A4212BAC9C000CACCC = {
						CreatedOnToolsVersion = 9.3;
					};
					2768D6B8212BAC9E000CACCC = {
						CreatedOnToolsVersion = 9.3;
						TestTargetID = 2768D6A4212BAC9C000CACCC;
					};
				};
			};
			buildConfigurationList = 2768D6A0212BAC9C000CACCC /* Build configuration list for PBXProject "ReadIt" */;
			compatibilityVersion = "Xcode 9.3";
			developmentRegion = en;
			hasScannedForEncodings = 0;
			knownRegions = (
				en,
				Base,
			);
			mainGroup = 2768D69C212BAC9C000CACCC;
			productRefGroup = 2768D6A6212BAC9C000CACCC /* Products */;
			projectDirPath = "";
			projectRoot = "";
			targets = (
				2768D6A4212BAC9C000CACCC /* ReadIt */,
				2768D6B8212BAC9E000CACCC /* ReadItTests */,
			);
		};
/* End PBXProject section */

/* Begin PBXResourcesBuildPhase section */
		2768D6A3212BAC9C000CACCC /* Resources */ = {
			isa = PBXResourcesBuildPhase;
			buildActionMask = 2147483647;
			files = (
				2768D6B3212BAC9D000CACCC /* LaunchScreen.storyboard in Resources */,
				2768D6B0212BAC9D000CACCC /* Assets.xcassets in Resources */,
				2768D6AE212BAC9C000CACCC /* Main.storyboard in Resources */,
			);
			runOnlyForDeploymentPostprocessing = 0;
		};
		2768D6B7212BAC9E000CACCC /* Resources */ = {
			isa = PBXResourcesBuildPhase;
			buildActionMask = 2147483647;
			files = (
			);
			runOnlyForDeploymentPostprocessing = 0;
		};
/* End PBXResourcesBuildPhase section */

/* Begin PBXShellScriptBuildPhase section */
		1F1840CD2A0CB775988E11D9 /* [CP] Check Pods Manifest.lock */ = {
			isa = PBXShellScriptBuildPhase;
			buildActionMask = 2147483647;
			files = (
			);
			inputPaths = (
				"${PODS_PODFILE_DIR_PATH}/Podfile.lock",
				"${PODS_ROOT}/Manifest.lock",
			);
			name = "[CP] Check Pods Manifest.lock";
			outputPaths = (
				"$(DERIVED_FILE_DIR)/Pods-ReadItTests-checkManifestLockResult.txt",
			);
			runOnlyForDeploymentPostprocessing = 0;
			shellPath = /bin/sh;
			shellScript = "diff \"${PODS_PODFILE_DIR_PATH}/Podfile.lock\" \"${PODS_ROOT}/Manifest.lock\" > /dev/null\nif [ $? != 0 ] ; then\n    # print error to STDERR\n    echo \"error: The sandbox is not in sync with the Podfile.lock. Run 'pod install' or update your CocoaPods installation.\" >&2\n    exit 1\nfi\n# This output is used by Xcode 'outputs' to avoid re-running this script phase.\necho \"SUCCESS\" > \"${SCRIPT_OUTPUT_FILE_0}\"\n";
			showEnvVarsInLog = 0;
		};
		83485E826EC88A3AE9F6BC46 /* [CP] Embed Pods Frameworks */ = {
			isa = PBXShellScriptBuildPhase;
			buildActionMask = 2147483647;
			files = (
			);
			inputPaths = (
				"${SRCROOT}/Pods/Target Support Files/Pods-ReadIt/Pods-ReadIt-frameworks.sh",
				"${BUILT_PRODUCTS_DIR}/Alamofire/Alamofire.framework",
				"${BUILT_PRODUCTS_DIR}/Moya/Moya.framework",
				"${BUILT_PRODUCTS_DIR}/Result/Result.framework",
				"${BUILT_PRODUCTS_DIR}/RxSwift/RxSwift.framework",
			);
			name = "[CP] Embed Pods Frameworks";
			outputPaths = (
				"${TARGET_BUILD_DIR}/${FRAMEWORKS_FOLDER_PATH}/Alamofire.framework",
				"${TARGET_BUILD_DIR}/${FRAMEWORKS_FOLDER_PATH}/Moya.framework",
				"${TARGET_BUILD_DIR}/${FRAMEWORKS_FOLDER_PATH}/Result.framework",
				"${TARGET_BUILD_DIR}/${FRAMEWORKS_FOLDER_PATH}/RxSwift.framework",
			);
			runOnlyForDeploymentPostprocessing = 0;
			shellPath = /bin/sh;
			shellScript = "\"${SRCROOT}/Pods/Target Support Files/Pods-ReadIt/Pods-ReadIt-frameworks.sh\"\n";
			showEnvVarsInLog = 0;
		};
		FA6AE1D6C19080BF8FC7E6AD /* [CP] Check Pods Manifest.lock */ = {
			isa = PBXShellScriptBuildPhase;
			buildActionMask = 2147483647;
			files = (
			);
			inputPaths = (
				"${PODS_PODFILE_DIR_PATH}/Podfile.lock",
				"${PODS_ROOT}/Manifest.lock",
			);
			name = "[CP] Check Pods Manifest.lock";
			outputPaths = (
				"$(DERIVED_FILE_DIR)/Pods-ReadIt-checkManifestLockResult.txt",
			);
			runOnlyForDeploymentPostprocessing = 0;
			shellPath = /bin/sh;
			shellScript = "diff \"${PODS_PODFILE_DIR_PATH}/Podfile.lock\" \"${PODS_ROOT}/Manifest.lock\" > /dev/null\nif [ $? != 0 ] ; then\n    # print error to STDERR\n    echo \"error: The sandbox is not in sync with the Podfile.lock. Run 'pod install' or update your CocoaPods installation.\" >&2\n    exit 1\nfi\n# This output is used by Xcode 'outputs' to avoid re-running this script phase.\necho \"SUCCESS\" > \"${SCRIPT_OUTPUT_FILE_0}\"\n";
			showEnvVarsInLog = 0;
		};
/* End PBXShellScriptBuildPhase section */

/* Begin PBXSourcesBuildPhase section */
		2768D6A1212BAC9C000CACCC /* Sources */ = {
			isa = PBXSourcesBuildPhase;
			buildActionMask = 2147483647;
			files = (
				2768D6AB212BAC9C000CACCC /* ReadingListViewController.swift in Sources */,
				2768D6A9212BAC9C000CACCC /* AppDelegate.swift in Sources */,
				1E90E337083E32ED4028B70C /* RootCoordinator.swift in Sources */,
				1E90EAE20AB3C94F8517FE3A /* Coordinator.swift in Sources */,
				1E90EF650E2F226859E9DDC8 /* ReadingListViewModel.swift in Sources */,
				1E90EF482DE5323A00B867EB /* UIView+Constraints.swift in Sources */,
				1E90E1708B74A68637F3F47C /* NSLayoutConstraint+Extensions.swift in Sources */,
				1E90ED4673A756EEB9D7ECF3 /* Reading.swift in Sources */,
				1E90E19063B611B041C4C20C /* ReadingCell.swift in Sources */,
				1E90EC4BC60946097FECF89D /* AppState.swift in Sources */,
				1E90E489953BEC3684377A1B /* PocketService.swift in Sources */,
				1E90E4680AB20FF207AD4A5C /* Pocket.swift in Sources */,
				1E90E42C4FD6010F29BA5403 /* ReadingListModel.swift in Sources */,
			);
			runOnlyForDeploymentPostprocessing = 0;
		};
		2768D6B5212BAC9E000CACCC /* Sources */ = {
			isa = PBXSourcesBuildPhase;
			buildActionMask = 2147483647;
			files = (
				2768D6BE212BAC9E000CACCC /* ReadItTests.swift in Sources */,
			);
			runOnlyForDeploymentPostprocessing = 0;
		};
/* End PBXSourcesBuildPhase section */

/* Begin PBXTargetDependency section */
		2768D6BB212BAC9E000CACCC /* PBXTargetDependency */ = {
			isa = PBXTargetDependency;
			target = 2768D6A4212BAC9C000CACCC /* ReadIt */;
			targetProxy = 2768D6BA212BAC9E000CACCC /* PBXContainerItemProxy */;
		};
/* End PBXTargetDependency section */

/* Begin PBXVariantGroup section */
		2768D6AC212BAC9C000CACCC /* Main.storyboard */ = {
			isa = PBXVariantGroup;
			children = (
				2768D6AD212BAC9C000CACCC /* Base */,
			);
			name = Main.storyboard;
			sourceTree = "<group>";
		};
		2768D6B1212BAC9D000CACCC /* LaunchScreen.storyboard */ = {
			isa = PBXVariantGroup;
			children = (
				2768D6B2212BAC9D000CACCC /* Base */,
			);
			name = LaunchScreen.storyboard;
			sourceTree = "<group>";
		};
/* End PBXVariantGroup section */

/* Begin XCBuildConfiguration section */
		2768D6C0212BAC9E000CACCC /* Debug */ = {
			isa = XCBuildConfiguration;
			buildSettings = {
				ALWAYS_SEARCH_USER_PATHS = NO;
				CLANG_ANALYZER_NONNULL = YES;
				CLANG_ANALYZER_NUMBER_OBJECT_CONVERSION = YES_AGGRESSIVE;
				CLANG_CXX_LANGUAGE_STANDARD = "gnu++14";
				CLANG_CXX_LIBRARY = "libc++";
				CLANG_ENABLE_MODULES = YES;
				CLANG_ENABLE_OBJC_ARC = YES;
				CLANG_ENABLE_OBJC_WEAK = YES;
				CLANG_WARN_BLOCK_CAPTURE_AUTORELEASING = YES;
				CLANG_WARN_BOOL_CONVERSION = YES;
				CLANG_WARN_COMMA = YES;
				CLANG_WARN_CONSTANT_CONVERSION = YES;
				CLANG_WARN_DEPRECATED_OBJC_IMPLEMENTATIONS = YES;
				CLANG_WARN_DIRECT_OBJC_ISA_USAGE = YES_ERROR;
				CLANG_WARN_DOCUMENTATION_COMMENTS = YES;
				CLANG_WARN_EMPTY_BODY = YES;
				CLANG_WARN_ENUM_CONVERSION = YES;
				CLANG_WARN_INFINITE_RECURSION = YES;
				CLANG_WARN_INT_CONVERSION = YES;
				CLANG_WARN_NON_LITERAL_NULL_CONVERSION = YES;
				CLANG_WARN_OBJC_IMPLICIT_RETAIN_SELF = YES;
				CLANG_WARN_OBJC_LITERAL_CONVERSION = YES;
				CLANG_WARN_OBJC_ROOT_CLASS = YES_ERROR;
				CLANG_WARN_RANGE_LOOP_ANALYSIS = YES;
				CLANG_WARN_STRICT_PROTOTYPES = YES;
				CLANG_WARN_SUSPICIOUS_MOVE = YES;
				CLANG_WARN_UNGUARDED_AVAILABILITY = YES_AGGRESSIVE;
				CLANG_WARN_UNREACHABLE_CODE = YES;
				CLANG_WARN__DUPLICATE_METHOD_MATCH = YES;
				CODE_SIGN_IDENTITY = "iPhone Developer";
				COPY_PHASE_STRIP = NO;
				DEBUG_INFORMATION_FORMAT = dwarf;
				ENABLE_STRICT_OBJC_MSGSEND = YES;
				ENABLE_TESTABILITY = YES;
				GCC_C_LANGUAGE_STANDARD = gnu11;
				GCC_DYNAMIC_NO_PIC = NO;
				GCC_NO_COMMON_BLOCKS = YES;
				GCC_OPTIMIZATION_LEVEL = 0;
				GCC_PREPROCESSOR_DEFINITIONS = (
					"DEBUG=1",
					"$(inherited)",
				);
				GCC_WARN_64_TO_32_BIT_CONVERSION = YES;
				GCC_WARN_ABOUT_RETURN_TYPE = YES_ERROR;
				GCC_WARN_UNDECLARED_SELECTOR = YES;
				GCC_WARN_UNINITIALIZED_AUTOS = YES_AGGRESSIVE;
				GCC_WARN_UNUSED_FUNCTION = YES;
				GCC_WARN_UNUSED_VARIABLE = YES;
				IPHONEOS_DEPLOYMENT_TARGET = 11.3;
				MTL_ENABLE_DEBUG_INFO = YES;
				ONLY_ACTIVE_ARCH = YES;
				SDKROOT = iphoneos;
				SWIFT_ACTIVE_COMPILATION_CONDITIONS = DEBUG;
				SWIFT_OPTIMIZATION_LEVEL = "-Onone";
			};
			name = Debug;
		};
		2768D6C1212BAC9E000CACCC /* Release */ = {
			isa = XCBuildConfiguration;
			buildSettings = {
				ALWAYS_SEARCH_USER_PATHS = NO;
				CLANG_ANALYZER_NONNULL = YES;
				CLANG_ANALYZER_NUMBER_OBJECT_CONVERSION = YES_AGGRESSIVE;
				CLANG_CXX_LANGUAGE_STANDARD = "gnu++14";
				CLANG_CXX_LIBRARY = "libc++";
				CLANG_ENABLE_MODULES = YES;
				CLANG_ENABLE_OBJC_ARC = YES;
				CLANG_ENABLE_OBJC_WEAK = YES;
				CLANG_WARN_BLOCK_CAPTURE_AUTORELEASING = YES;
				CLANG_WARN_BOOL_CONVERSION = YES;
				CLANG_WARN_COMMA = YES;
				CLANG_WARN_CONSTANT_CONVERSION = YES;
				CLANG_WARN_DEPRECATED_OBJC_IMPLEMENTATIONS = YES;
				CLANG_WARN_DIRECT_OBJC_ISA_USAGE = YES_ERROR;
				CLANG_WARN_DOCUMENTATION_COMMENTS = YES;
				CLANG_WARN_EMPTY_BODY = YES;
				CLANG_WARN_ENUM_CONVERSION = YES;
				CLANG_WARN_INFINITE_RECURSION = YES;
				CLANG_WARN_INT_CONVERSION = YES;
				CLANG_WARN_NON_LITERAL_NULL_CONVERSION = YES;
				CLANG_WARN_OBJC_IMPLICIT_RETAIN_SELF = YES;
				CLANG_WARN_OBJC_LITERAL_CONVERSION = YES;
				CLANG_WARN_OBJC_ROOT_CLASS = YES_ERROR;
				CLANG_WARN_RANGE_LOOP_ANALYSIS = YES;
				CLANG_WARN_STRICT_PROTOTYPES = YES;
				CLANG_WARN_SUSPICIOUS_MOVE = YES;
				CLANG_WARN_UNGUARDED_AVAILABILITY = YES_AGGRESSIVE;
				CLANG_WARN_UNREACHABLE_CODE = YES;
				CLANG_WARN__DUPLICATE_METHOD_MATCH = YES;
				CODE_SIGN_IDENTITY = "iPhone Developer";
				COPY_PHASE_STRIP = NO;
				DEBUG_INFORMATION_FORMAT = "dwarf-with-dsym";
				ENABLE_NS_ASSERTIONS = NO;
				ENABLE_STRICT_OBJC_MSGSEND = YES;
				GCC_C_LANGUAGE_STANDARD = gnu11;
				GCC_NO_COMMON_BLOCKS = YES;
				GCC_WARN_64_TO_32_BIT_CONVERSION = YES;
				GCC_WARN_ABOUT_RETURN_TYPE = YES_ERROR;
				GCC_WARN_UNDECLARED_SELECTOR = YES;
				GCC_WARN_UNINITIALIZED_AUTOS = YES_AGGRESSIVE;
				GCC_WARN_UNUSED_FUNCTION = YES;
				GCC_WARN_UNUSED_VARIABLE = YES;
				IPHONEOS_DEPLOYMENT_TARGET = 11.3;
				MTL_ENABLE_DEBUG_INFO = NO;
				SDKROOT = iphoneos;
				SWIFT_COMPILATION_MODE = wholemodule;
				SWIFT_OPTIMIZATION_LEVEL = "-O";
				VALIDATE_PRODUCT = YES;
			};
			name = Release;
		};
		2768D6C3212BAC9E000CACCC /* Debug */ = {
			isa = XCBuildConfiguration;
			baseConfigurationReference = 304097338FEDE853AFE7D89C /* Pods-ReadIt.debug.xcconfig */;
			buildSettings = {
				ASSETCATALOG_COMPILER_APPICON_NAME = AppIcon;
				CODE_SIGN_STYLE = Automatic;
				INFOPLIST_FILE = ReadIt/Info.plist;
				LD_RUNPATH_SEARCH_PATHS = "$(inherited) @executable_path/Frameworks";
				PRODUCT_BUNDLE_IDENTIFIER = com.backwardsthought.ReadIt;
				PRODUCT_NAME = "$(TARGET_NAME)";
				SWIFT_VERSION = 4.0;
				TARGETED_DEVICE_FAMILY = "1,2";
			};
			name = Debug;
		};
		2768D6C4212BAC9E000CACCC /* Release */ = {
			isa = XCBuildConfiguration;
			baseConfigurationReference = 9453B0D6BF81DBCB08467DA4 /* Pods-ReadIt.release.xcconfig */;
			buildSettings = {
				ASSETCATALOG_COMPILER_APPICON_NAME = AppIcon;
				CODE_SIGN_STYLE = Automatic;
				INFOPLIST_FILE = ReadIt/Info.plist;
				LD_RUNPATH_SEARCH_PATHS = "$(inherited) @executable_path/Frameworks";
				PRODUCT_BUNDLE_IDENTIFIER = com.backwardsthought.ReadIt;
				PRODUCT_NAME = "$(TARGET_NAME)";
				SWIFT_VERSION = 4.0;
				TARGETED_DEVICE_FAMILY = "1,2";
			};
			name = Release;
		};
		2768D6C6212BAC9E000CACCC /* Debug */ = {
			isa = XCBuildConfiguration;
			baseConfigurationReference = 1DA8FD84B063256AF390080D /* Pods-ReadItTests.debug.xcconfig */;
			buildSettings = {
				ALWAYS_EMBED_SWIFT_STANDARD_LIBRARIES = YES;
				BUNDLE_LOADER = "$(TEST_HOST)";
				CODE_SIGN_STYLE = Automatic;
				INFOPLIST_FILE = ReadItTests/Info.plist;
				LD_RUNPATH_SEARCH_PATHS = "$(inherited) @executable_path/Frameworks @loader_path/Frameworks";
				PRODUCT_BUNDLE_IDENTIFIER = com.copyisright.ReadItTests;
				PRODUCT_NAME = "$(TARGET_NAME)";
				SWIFT_VERSION = 4.0;
				TARGETED_DEVICE_FAMILY = "1,2";
				TEST_HOST = "$(BUILT_PRODUCTS_DIR)/ReadIt.app/ReadIt";
			};
			name = Debug;
		};
		2768D6C7212BAC9E000CACCC /* Release */ = {
			isa = XCBuildConfiguration;
			baseConfigurationReference = 8829D45E1B31DD570E018874 /* Pods-ReadItTests.release.xcconfig */;
			buildSettings = {
				ALWAYS_EMBED_SWIFT_STANDARD_LIBRARIES = YES;
				BUNDLE_LOADER = "$(TEST_HOST)";
				CODE_SIGN_STYLE = Automatic;
				INFOPLIST_FILE = ReadItTests/Info.plist;
				LD_RUNPATH_SEARCH_PATHS = "$(inherited) @executable_path/Frameworks @loader_path/Frameworks";
				PRODUCT_BUNDLE_IDENTIFIER = com.copyisright.ReadItTests;
				PRODUCT_NAME = "$(TARGET_NAME)";
				SWIFT_VERSION = 4.0;
				TARGETED_DEVICE_FAMILY = "1,2";
				TEST_HOST = "$(BUILT_PRODUCTS_DIR)/ReadIt.app/ReadIt";
			};
			name = Release;
		};
/* End XCBuildConfiguration section */

/* Begin XCConfigurationList section */
		2768D6A0212BAC9C000CACCC /* Build configuration list for PBXProject "ReadIt" */ = {
			isa = XCConfigurationList;
			buildConfigurations = (
				2768D6C0212BAC9E000CACCC /* Debug */,
				2768D6C1212BAC9E000CACCC /* Release */,
			);
			defaultConfigurationIsVisible = 0;
			defaultConfigurationName = Release;
		};
		2768D6C2212BAC9E000CACCC /* Build configuration list for PBXNativeTarget "ReadIt" */ = {
			isa = XCConfigurationList;
			buildConfigurations = (
				2768D6C3212BAC9E000CACCC /* Debug */,
				2768D6C4212BAC9E000CACCC /* Release */,
			);
			defaultConfigurationIsVisible = 0;
			defaultConfigurationName = Release;
		};
		2768D6C5212BAC9E000CACCC /* Build configuration list for PBXNativeTarget "ReadItTests" */ = {
			isa = XCConfigurationList;
			buildConfigurations = (
				2768D6C6212BAC9E000CACCC /* Debug */,
				2768D6C7212BAC9E000CACCC /* Release */,
			);
			defaultConfigurationIsVisible = 0;
			defaultConfigurationName = Release;
		};
/* End XCConfigurationList section */
	};
	rootObject = 2768D69D212BAC9C000CACCC /* Project object */;
}
